
Microsoft Visual Studio Solution File, Format Version 12.00
# Visual Studio Version 16
VisualStudioVersion = 16.0.29209.62
MinimumVisualStudioVersion = 10.0.40219.1
Project("{FAE04EC0-301F-11D3-BF4B-00C04F79EFBC}") = "SignalRChat", "SignalRChat\SignalRChat.csproj", "{C0D672B3-DCAA-499A-8C2C-B4F2AFEFFD9C}"
EndProject
Global
	GlobalSection(SolutionConfigurationPlatforms) = preSolution
		Debug|Any CPU = Debug|Any CPU
		Release|Any CPU = Release|Any CPU
	EndGlobalSection
	GlobalSection(ProjectConfigurationPlatforms) = postSolution
		{C0D672B3-DCAA-499A-8C2C-B4F2AFEFFD9C}.Debug|Any CPU.ActiveCfg = Debug|Any CPU
		{C0D672B3-DCAA-499A-8C2C-B4F2AFEFFD9C}.Debug|Any CPU.Build.0 = Debug|Any CPU
		{C0D672B3-DCAA-499A-8C2C-B4F2AFEFFD9C}.Release|Any CPU.ActiveCfg = Release|Any CPU
		{C0D672B3-DCAA-499A-8C2C-B4F2AFEFFD9C}.Release|Any CPU.Build.0 = Release|Any CPU
	EndGlobalSection
	GlobalSection(SolutionProperties) = preSolution
		HideSolutionNode = FALSE
	EndGlobalSection
	GlobalSection(ExtensibilityGlobals) = postSolution
		SolutionGuid = {8CD11C74-5883-4B33-849C-B156C91CA226}
	EndGlobalSection
EndGlobal
